// !$*UTF8*$!
{
	archiveVersion = 1;
	classes = {
	};
	objectVersion = 56;
	objects = {

/* Begin PBXBuildFile section */
		A53B2B552A94933D003B4D07 /* AppDelegate.swift in Sources */ = {isa = PBXBuildFile; fileRef = A53B2B542A94933D003B4D07 /* AppDelegate.swift */; };
		A53B2B572A94933D003B4D07 /* SceneDelegate.swift in Sources */ = {isa = PBXBuildFile; fileRef = A53B2B562A94933D003B4D07 /* SceneDelegate.swift */; };
		A53B2B592A94933D003B4D07 /* ViewController.swift in Sources */ = {isa = PBXBuildFile; fileRef = A53B2B582A94933D003B4D07 /* ViewController.swift */; };
		A53B2B5E2A94933E003B4D07 /* Assets.xcassets in Resources */ = {isa = PBXBuildFile; fileRef = A53B2B5D2A94933E003B4D07 /* Assets.xcassets */; };
		A53B2B612A94933E003B4D07 /* LaunchScreen.storyboard in Resources */ = {isa = PBXBuildFile; fileRef = A53B2B5F2A94933E003B4D07 /* LaunchScreen.storyboard */; };
		A53B2B6B2A949930003B4D07 /* LocationService.swift in Sources */ = {isa = PBXBuildFile; fileRef = A53B2B6A2A949930003B4D07 /* LocationService.swift */; };
		A53B2B6D2A95C9B8003B4D07 /* Extensions.swift in Sources */ = {isa = PBXBuildFile; fileRef = A53B2B6C2A95C9B8003B4D07 /* Extensions.swift */; };
		A53B2B732A9690E7003B4D07 /* SheetViewController.swift in Sources */ = {isa = PBXBuildFile; fileRef = A53B2B722A9690E7003B4D07 /* SheetViewController.swift */; };
		A53B2B752A97D6A8003B4D07 /* PinAnnotationView.swift in Sources */ = {isa = PBXBuildFile; fileRef = A53B2B742A97D6A8003B4D07 /* PinAnnotationView.swift */; };
		A53B2B7E2A97F9BE003B4D07 /* Constants.swift in Sources */ = {isa = PBXBuildFile; fileRef = A53B2B7D2A97F9BE003B4D07 /* Constants.swift */; };
/* End PBXBuildFile section */

/* Begin PBXFileReference section */
		A53B2B512A94933D003B4D07 /* BinomTechTest.app */ = {isa = PBXFileReference; explicitFileType = wrapper.application; includeInIndex = 0; path = BinomTechTest.app; sourceTree = BUILT_PRODUCTS_DIR; };
		A53B2B542A94933D003B4D07 /* AppDelegate.swift */ = {isa = PBXFileReference; lastKnownFileType = sourcecode.swift; path = AppDelegate.swift; sourceTree = "<group>"; };
		A53B2B562A94933D003B4D07 /* SceneDelegate.swift */ = {isa = PBXFileReference; lastKnownFileType = sourcecode.swift; path = SceneDelegate.swift; sourceTree = "<group>"; };
		A53B2B582A94933D003B4D07 /* ViewController.swift */ = {isa = PBXFileReference; lastKnownFileType = sourcecode.swift; path = ViewController.swift; sourceTree = "<group>"; };
		A53B2B5D2A94933E003B4D07 /* Assets.xcassets */ = {isa = PBXFileReference; lastKnownFileType = folder.assetcatalog; path = Assets.xcassets; sourceTree = "<group>"; };
		A53B2B602A94933E003B4D07 /* Base */ = {isa = PBXFileReference; lastKnownFileType = file.storyboard; name = Base; path = Base.lproj/LaunchScreen.storyboard; sourceTree = "<group>"; };
		A53B2B622A94933E003B4D07 /* Info.plist */ = {isa = PBXFileReference; lastKnownFileType = text.plist.xml; path = Info.plist; sourceTree = "<group>"; };
		A53B2B6A2A949930003B4D07 /* LocationService.swift */ = {isa = PBXFileReference; fileEncoding = 4; lastKnownFileType = sourcecode.swift; path = LocationService.swift; sourceTree = "<group>"; };
		A53B2B6C2A95C9B8003B4D07 /* Extensions.swift */ = {isa = PBXFileReference; lastKnownFileType = sourcecode.swift; path = Extensions.swift; sourceTree = "<group>"; };
		A53B2B722A9690E7003B4D07 /* SheetViewController.swift */ = {isa = PBXFileReference; lastKnownFileType = sourcecode.swift; path = SheetViewController.swift; sourceTree = "<group>"; };
		A53B2B742A97D6A8003B4D07 /* PinAnnotationView.swift */ = {isa = PBXFileReference; lastKnownFileType = sourcecode.swift; path = PinAnnotationView.swift; sourceTree = "<group>"; };
		A53B2B7D2A97F9BE003B4D07 /* Constants.swift */ = {isa = PBXFileReference; fileEncoding = 4; lastKnownFileType = sourcecode.swift; path = Constants.swift; sourceTree = "<group>"; };
/* End PBXFileReference section */

/* Begin PBXFrameworksBuildPhase section */
		A53B2B4E2A94933D003B4D07 /* Frameworks */ = {
			isa = PBXFrameworksBuildPhase;
			buildActionMask = 2147483647;
			files = (
			);
			runOnlyForDeploymentPostprocessing = 0;
		};
/* End PBXFrameworksBuildPhase section */

/* Begin PBXGroup section */
		A53B2B482A94933D003B4D07 = {
			isa = PBXGroup;
			children = (
				A53B2B532A94933D003B4D07 /* BinomTechTest */,
				A53B2B522A94933D003B4D07 /* Products */,
			);
			sourceTree = "<group>";
		};
		A53B2B522A94933D003B4D07 /* Products */ = {
			isa = PBXGroup;
			children = (
				A53B2B512A94933D003B4D07 /* BinomTechTest.app */,
			);
			name = Products;
			sourceTree = "<group>";
		};
		A53B2B532A94933D003B4D07 /* BinomTechTest */ = {
			isa = PBXGroup;
			children = (
				A53B2B542A94933D003B4D07 /* AppDelegate.swift */,
				A53B2B562A94933D003B4D07 /* SceneDelegate.swift */,
				A53B2B762A97F585003B4D07 /* Model */,
				A53B2B772A97F58F003B4D07 /* View */,
				A53B2B782A97F597003B4D07 /* Controller */,
				A53B2B6C2A95C9B8003B4D07 /* Extensions.swift */,
				A53B2B7D2A97F9BE003B4D07 /* Constants.swift */,
				A53B2B5D2A94933E003B4D07 /* Assets.xcassets */,
				A53B2B5F2A94933E003B4D07 /* LaunchScreen.storyboard */,
				A53B2B622A94933E003B4D07 /* Info.plist */,
			);
			path = BinomTechTest;
			sourceTree = "<group>";
		};
		A53B2B762A97F585003B4D07 /* Model */ = {
			isa = PBXGroup;
			children = (
				A53B2B6A2A949930003B4D07 /* LocationService.swift */,
			);
			path = Model;
			sourceTree = "<group>";
		};
		A53B2B772A97F58F003B4D07 /* View */ = {
			isa = PBXGroup;
			children = (
				A53B2B742A97D6A8003B4D07 /* PinAnnotationView.swift */,
			);
			path = View;
			sourceTree = "<group>";
		};
		A53B2B782A97F597003B4D07 /* Controller */ = {
			isa = PBXGroup;
			children = (
				A53B2B582A94933D003B4D07 /* ViewController.swift */,
				A53B2B722A9690E7003B4D07 /* SheetViewController.swift */,
			);
			path = Controller;
			sourceTree = "<group>";
		};
/* End PBXGroup section */

/* Begin PBXNativeTarget section */
		A53B2B502A94933D003B4D07 /* BinomTechTest */ = {
			isa = PBXNativeTarget;
			buildConfigurationList = A53B2B652A94933E003B4D07 /* Build configuration list for PBXNativeTarget "BinomTechTest" */;
			buildPhases = (
				A53B2B4D2A94933D003B4D07 /* Sources */,
				A53B2B4E2A94933D003B4D07 /* Frameworks */,
				A53B2B4F2A94933D003B4D07 /* Resources */,
			);
			buildRules = (
			);
			dependencies = (
			);
			name = BinomTechTest;
			productName = BinomTechTest;
			productReference = A53B2B512A94933D003B4D07 /* BinomTechTest.app */;
			productType = "com.apple.product-type.application";
		};
/* End PBXNativeTarget section */

/* Begin PBXProject section */
		A53B2B492A94933D003B4D07 /* Project object */ = {
			isa = PBXProject;
			attributes = {
				BuildIndependentTargetsInParallel = 1;
				LastSwiftUpdateCheck = 1400;
				LastUpgradeCheck = 1400;
				TargetAttributes = {
					A53B2B502A94933D003B4D07 = {
						CreatedOnToolsVersion = 14.0.1;
					};
				};
			};
			buildConfigurationList = A53B2B4C2A94933D003B4D07 /* Build configuration list for PBXProject "BinomTechTest" */;
			compatibilityVersion = "Xcode 14.0";
			developmentRegion = en;
			hasScannedForEncodings = 0;
			knownRegions = (
				en,
				Base,
			);
			mainGroup = A53B2B482A94933D003B4D07;
			productRefGroup = A53B2B522A94933D003B4D07 /* Products */;
			projectDirPath = "";
			projectRoot = "";
			targets = (
				A53B2B502A94933D003B4D07 /* BinomTechTest */,
			);
		};
/* End PBXProject section */

/* Begin PBXResourcesBuildPhase section */
		A53B2B4F2A94933D003B4D07 /* Resources */ = {
			isa = PBXResourcesBuildPhase;
			buildActionMask = 2147483647;
			files = (
				A53B2B612A94933E003B4D07 /* LaunchScreen.storyboard in Resources */,
				A53B2B5E2A94933E003B4D07 /* Assets.xcassets in Resources */,
			);
			runOnlyForDeploymentPostprocessing = 0;
		};
/* End PBXResourcesBuildPhase section */

/* Begin PBXSourcesBuildPhase section */
		A53B2B4D2A94933D003B4D07 /* Sources */ = {
			isa = PBXSourcesBuildPhase;
			buildActionMask = 2147483647;
			files = (
				A53B2B752A97D6A8003B4D07 /* PinAnnotationView.swift in Sources */,
				A53B2B6D2A95C9B8003B4D07 /* Extensions.swift in Sources */,
				A53B2B592A94933D003B4D07 /* ViewController.swift in Sources */,
				A53B2B552A94933D003B4D07 /* AppDelegate.swift in Sources */,
				A53B2B6B2A949930003B4D07 /* LocationService.swift in Sources */,
				A53B2B732A9690E7003B4D07 /* SheetViewController.swift in Sources */,
				A53B2B572A94933D003B4D07 /* SceneDelegate.swift in Sources */,
				A53B2B7E2A97F9BE003B4D07 /* Constants.swift in Sources */,
			);
			runOnlyForDeploymentPostprocessing = 0;
		};
/* End PBXSourcesBuildPhase section */

/* Begin PBXVariantGroup section */
		A53B2B5F2A94933E003B4D07 /* LaunchScreen.storyboard */ = {
			isa = PBXVariantGroup;
			children = (
				A53B2B602A94933E003B4D07 /* Base */,
			);
			name = LaunchScreen.storyboard;
			sourceTree = "<group>";
		};
/* End PBXVariantGroup section */

/* Begin XCBuildConfiguration section */
		A53B2B632A94933E003B4D07 /* Debug */ = {
			isa = XCBuildConfiguration;
			buildSettings = {
				ALWAYS_SEARCH_USER_PATHS = NO;
				CLANG_ANALYZER_NONNULL = YES;
				CLANG_ANALYZER_NUMBER_OBJECT_CONVERSION = YES_AGGRESSIVE;
				CLANG_CXX_LANGUAGE_STANDARD = "gnu++20";
				CLANG_ENABLE_MODULES = YES;
				CLANG_ENABLE_OBJC_ARC = YES;
				CLANG_ENABLE_OBJC_WEAK = YES;
				CLANG_WARN_BLOCK_CAPTURE_AUTORELEASING = YES;
				CLANG_WARN_BOOL_CONVERSION = YES;
				CLANG_WARN_COMMA = YES;
				CLANG_WARN_CONSTANT_CONVERSION = YES;
				CLANG_WARN_DEPRECATED_OBJC_IMPLEMENTATIONS = YES;
				CLANG_WARN_DIRECT_OBJC_ISA_USAGE = YES_ERROR;
				CLANG_WARN_DOCUMENTATION_COMMENTS = YES;
				CLANG_WARN_EMPTY_BODY = YES;
				CLANG_WARN_ENUM_CONVERSION = YES;
				CLANG_WARN_INFINITE_RECURSION = YES;
				CLANG_WARN_INT_CONVERSION = YES;
				CLANG_WARN_NON_LITERAL_NULL_CONVERSION = YES;
				CLANG_WARN_OBJC_IMPLICIT_RETAIN_SELF = YES;
				CLANG_WARN_OBJC_LITERAL_CONVERSION = YES;
				CLANG_WARN_OBJC_ROOT_CLASS = YES_ERROR;
				CLANG_WARN_QUOTED_INCLUDE_IN_FRAMEWORK_HEADER = YES;
				CLANG_WARN_RANGE_LOOP_ANALYSIS = YES;
				CLANG_WARN_STRICT_PROTOTYPES = YES;
				CLANG_WARN_SUSPICIOUS_MOVE = YES;
				CLANG_WARN_UNGUARDED_AVAILABILITY = YES_AGGRESSIVE;
				CLANG_WARN_UNREACHABLE_CODE = YES;
				CLANG_WARN__DUPLICATE_METHOD_MATCH = YES;
				COPY_PHASE_STRIP = NO;
				DEBUG_INFORMATION_FORMAT = dwarf;
				ENABLE_STRICT_OBJC_MSGSEND = YES;
				ENABLE_TESTABILITY = YES;
				GCC_C_LANGUAGE_STANDARD = gnu11;
				GCC_DYNAMIC_NO_PIC = NO;
				GCC_NO_COMMON_BLOCKS = YES;
				GCC_OPTIMIZATION_LEVEL = 0;
				GCC_PREPROCESSOR_DEFINITIONS = (
					"DEBUG=1",
					"$(inherited)",
				);
				GCC_WARN_64_TO_32_BIT_CONVERSION = YES;
				GCC_WARN_ABOUT_RETURN_TYPE = YES_ERROR;
				GCC_WARN_UNDECLARED_SELECTOR = YES;
				GCC_WARN_UNINITIALIZED_AUTOS = YES_AGGRESSIVE;
				GCC_WARN_UNUSED_FUNCTION = YES;
				GCC_WARN_UNUSED_VARIABLE = YES;
				IPHONEOS_DEPLOYMENT_TARGET = 16.0;
				MTL_ENABLE_DEBUG_INFO = INCLUDE_SOURCE;
				MTL_FAST_MATH = YES;
				ONLY_ACTIVE_ARCH = YES;
				SDKROOT = iphoneos;
				SWIFT_ACTIVE_COMPILATION_CONDITIONS = DEBUG;
				SWIFT_OPTIMIZATION_LEVEL = "-Onone";
			};
			name = Debug;
		};
		A53B2B642A94933E003B4D07 /* Release */ = {
			isa = XCBuildConfiguration;
			buildSettings = {
				ALWAYS_SEARCH_USER_PATHS = NO;
				CLANG_ANALYZER_NONNULL = YES;
				CLANG_ANALYZER_NUMBER_OBJECT_CONVERSION = YES_AGGRESSIVE;
				CLANG_CXX_LANGUAGE_STANDARD = "gnu++20";
				CLANG_ENABLE_MODULES = YES;
				CLANG_ENABLE_OBJC_ARC = YES;
				CLANG_ENABLE_OBJC_WEAK = YES;
				CLANG_WARN_BLOCK_CAPTURE_AUTORELEASING = YES;
				CLANG_WARN_BOOL_CONVERSION = YES;
				CLANG_WARN_COMMA = YES;
				CLANG_WARN_CONSTANT_CONVERSION = YES;
				CLANG_WARN_DEPRECATED_OBJC_IMPLEMENTATIONS = YES;
				CLANG_WARN_DIRECT_OBJC_ISA_USAGE = YES_ERROR;
				CLANG_WARN_DOCUMENTATION_COMMENTS = YES;
				CLANG_WARN_EMPTY_BODY = YES;
				CLANG_WARN_ENUM_CONVERSION = YES;
				CLANG_WARN_INFINITE_RECURSION = YES;
				CLANG_WARN_INT_CONVERSION = YES;
				CLANG_WARN_NON_LITERAL_NULL_CONVERSION = YES;
				CLANG_WARN_OBJC_IMPLICIT_RETAIN_SELF = YES;
				CLANG_WARN_OBJC_LITERAL_CONVERSION = YES;
				CLANG_WARN_OBJC_ROOT_CLASS = YES_ERROR;
				CLANG_WARN_QUOTED_INCLUDE_IN_FRAMEWORK_HEADER = YES;
				CLANG_WARN_RANGE_LOOP_ANALYSIS = YES;
				CLANG_WARN_STRICT_PROTOTYPES = YES;
				CLANG_WARN_SUSPICIOUS_MOVE = YES;
				CLANG_WARN_UNGUARDED_AVAILABILITY = YES_AGGRESSIVE;
				CLANG_WARN_UNREACHABLE_CODE = YES;
				CLANG_WARN__DUPLICATE_METHOD_MATCH = YES;
				COPY_PHASE_STRIP = NO;
				DEBUG_INFORMATION_FORMAT = "dwarf-with-dsym";
				ENABLE_NS_ASSERTIONS = NO;
				ENABLE_STRICT_OBJC_MSGSEND = YES;
				GCC_C_LANGUAGE_STANDARD = gnu11;
				GCC_NO_COMMON_BLOCKS = YES;
				GCC_WARN_64_TO_32_BIT_CONVERSION = YES;
				GCC_WARN_ABOUT_RETURN_TYPE = YES_ERROR;
				GCC_WARN_UNDECLARED_SELECTOR = YES;
				GCC_WARN_UNINITIALIZED_AUTOS = YES_AGGRESSIVE;
				GCC_WARN_UNUSED_FUNCTION = YES;
				GCC_WARN_UNUSED_VARIABLE = YES;
				IPHONEOS_DEPLOYMENT_TARGET = 16.0;
				MTL_ENABLE_DEBUG_INFO = NO;
				MTL_FAST_MATH = YES;
				SDKROOT = iphoneos;
				SWIFT_COMPILATION_MODE = wholemodule;
				SWIFT_OPTIMIZATION_LEVEL = "-O";
				VALIDATE_PRODUCT = YES;
			};
			name = Release;
		};
		A53B2B662A94933E003B4D07 /* Debug */ = {
			isa = XCBuildConfiguration;
			buildSettings = {
				ASSETCATALOG_COMPILER_APPICON_NAME = AppIcon;
				ASSETCATALOG_COMPILER_GLOBAL_ACCENT_COLOR_NAME = AccentColor;
				CODE_SIGN_STYLE = Automatic;
				CURRENT_PROJECT_VERSION = 1;
				DEVELOPMENT_TEAM = 377X89BVNG;
				GENERATE_INFOPLIST_FILE = YES;
				INFOPLIST_FILE = BinomTechTest/Info.plist;
				INFOPLIST_KEY_UIApplicationSupportsIndirectInputEvents = YES;
				INFOPLIST_KEY_UILaunchStoryboardName = LaunchScreen;
				INFOPLIST_KEY_UISupportedInterfaceOrientations_iPad = "UIInterfaceOrientationPortrait UIInterfaceOrientationPortraitUpsideDown UIInterfaceOrientationLandscapeLeft UIInterfaceOrientationLandscapeRight";
				INFOPLIST_KEY_UISupportedInterfaceOrientations_iPhone = "UIInterfaceOrientationPortrait UIInterfaceOrientationLandscapeLeft UIInterfaceOrientationLandscapeRight";
				LD_RUNPATH_SEARCH_PATHS = (
					"$(inherited)",
					"@executable_path/Frameworks",
				);
				MARKETING_VERSION = 1.0;
				PRODUCT_BUNDLE_IDENTIFIER = gitgobrr.BinomTechTest;
				PRODUCT_NAME = "$(TARGET_NAME)";
				SWIFT_EMIT_LOC_STRINGS = YES;
				SWIFT_VERSION = 5.0;
				TARGETED_DEVICE_FAMILY = "1,2";
			};
			name = Debug;
		};
		A53B2B672A94933E003B4D07 /* Release */ = {
			isa = XCBuildConfiguration;
			buildSettings = {
				ASSETCATALOG_COMPILER_APPICON_NAME = AppIcon;
				ASSETCATALOG_COMPILER_GLOBAL_ACCENT_COLOR_NAME = AccentColor;
				CODE_SIGN_STYLE = Automatic;
				CURRENT_PROJECT_VERSION = 1;
				DEVELOPMENT_TEAM = 377X89BVNG;
				GENERATE_INFOPLIST_FILE = YES;
				INFOPLIST_FILE = BinomTechTest/Info.plist;
				INFOPLIST_KEY_UIApplicationSupportsIndirectInputEvents = YES;
				INFOPLIST_KEY_UILaunchStoryboardName = LaunchScreen;
				INFOPLIST_KEY_UISupportedInterfaceOrientations_iPad = "UIInterfaceOrientationPortrait UIInterfaceOrientationPortraitUpsideDown UIInterfaceOrientationLandscapeLeft UIInterfaceOrientationLandscapeRight";
				INFOPLIST_KEY_UISupportedInterfaceOrientations_iPhone = "UIInterfaceOrientationPortrait UIInterfaceOrientationLandscapeLeft UIInterfaceOrientationLandscapeRight";
				LD_RUNPATH_SEARCH_PATHS = (
					"$(inherited)",
					"@executable_path/Frameworks",
				);
				MARKETING_VERSION = 1.0;
				PRODUCT_BUNDLE_IDENTIFIER = gitgobrr.BinomTechTest;
				PRODUCT_NAME = "$(TARGET_NAME)";
				SWIFT_EMIT_LOC_STRINGS = YES;
				SWIFT_VERSION = 5.0;
				TARGETED_DEVICE_FAMILY = "1,2";
			};
			name = Release;
		};
/* End XCBuildConfiguration section */

/* Begin XCConfigurationList section */
		A53B2B4C2A94933D003B4D07 /* Build configuration list for PBXProject "BinomTechTest" */ = {
			isa = XCConfigurationList;
			buildConfigurations = (
				A53B2B632A94933E003B4D07 /* Debug */,
				A53B2B642A94933E003B4D07 /* Release */,
			);
			defaultConfigurationIsVisible = 0;
			defaultConfigurationName = Release;
		};
		A53B2B652A94933E003B4D07 /* Build configuration list for PBXNativeTarget "BinomTechTest" */ = {
			isa = XCConfigurationList;
			buildConfigurations = (
				A53B2B662A94933E003B4D07 /* Debug */,
				A53B2B672A94933E003B4D07 /* Release */,
			);
			defaultConfigurationIsVisible = 0;
			defaultConfigurationName = Release;
		};
/* End XCConfigurationList section */
	};
	rootObject = A53B2B492A94933D003B4D07 /* Project object */;
}
